
Microsoft Visual Studio Solution File, Format Version 12.00
# Visual Studio Version 17
VisualStudioVersion = 17.0.31919.166
MinimumVisualStudioVersion = 10.0.40219.1
Project("{FAE04EC0-301F-11D3-BF4B-00C04F79EFBC}") = "System Init Toolbox - Setup", "System Init Toolbox - Setup.csproj", "{12A3A2FF-F0DF-4C36-9279-9D2658B5EA90}"
EndProject
Global
	GlobalSection(SolutionConfigurationPlatforms) = preSolution
		Debug|Any CPU = Debug|Any CPU
		Release|Any CPU = Release|Any CPU
	EndGlobalSection
	GlobalSection(ProjectConfigurationPlatforms) = postSolution
		{12A3A2FF-F0DF-4C36-9279-9D2658B5EA90}.Debug|Any CPU.ActiveCfg = Debug|Any CPU
		{12A3A2FF-F0DF-4C36-9279-9D2658B5EA90}.Debug|Any CPU.Build.0 = Debug|Any CPU
		{12A3A2FF-F0DF-4C36-9279-9D2658B5EA90}.Release|Any CPU.ActiveCfg = Release|Any CPU
		{12A3A2FF-F0DF-4C36-9279-9D2658B5EA90}.Release|Any CPU.Build.0 = Release|Any CPU
	EndGlobalSection
	GlobalSection(SolutionProperties) = preSolution
		HideSolutionNode = FALSE
	EndGlobalSection
	GlobalSection(ExtensibilityGlobals) = postSolution
		SolutionGuid = {7AE008E0-DF4D-4158-BBB7-9011D1A6970F}
	EndGlobalSection
EndGlobal
